{
  "requires": true,
  "lockfileVersion": 1,
  "dependencies": {
    "cropperjs": {
      "version": "1.5.7",
      "resolved": "https://registry.npmjs.org/cropperjs/-/cropperjs-1.5.7.tgz",
      "integrity": "sha512-sGj+G/ofKh+f6A4BtXLJwtcKJgMUsXYVUubfTo9grERiDGXncttefmue/fyQFvn8wfdyoD1KhDRYLfjkJFl0yw=="
    },
    "jquery": {
      "version": "3.5.1",
      "resolved": "https://registry.npmjs.org/jquery/-/jquery-3.5.1.tgz",
      "integrity": "sha512-XwIBPqcMn57FxfT+Go5pzySnm4KWkT1Tv7gjrpT1srtf8Weynl6R273VJ5GjkRb51IzMp5nbaPjJXMWeju2MKg=="
    },
    "jquery-cropper": {
      "version": "1.0.1",
      "resolved": "https://registry.npmjs.org/jquery-cropper/-/jquery-cropper-1.0.1.tgz",
      "integrity": "sha512-KGlY8b0IJQi2Bxe3lqMKmd5Z2Ce4GrnDE5O8Iciza9xCzXISkL6EqX/jFHwnLL1H6Q4FGjoRguuv3lxezsbKJQ=="
    }
  }
}
